<Solution>
  <Folder Name="/Task0/">
    <Project Path="Tyuiu.AfanasevAV.Sprint().Task0.V0/Tyuiu.AfanasevAV.Sprint().Task0.V0.csproj" Id="f3b88e59-7fcd-4477-a5eb-9ed597c8e0eb" />
  </Folder>
  <Folder Name="/Task1/">
    <Project Path="Tyuiu.AfanasevAV.Sprint().Task1.V0/Tyuiu.AfanasevAV.Sprint().Task1.V0.csproj" Id="90eb1e7f-b25d-4238-b9de-07bec4220665" />
  </Folder>
</Solution>
