<Solution>
  <Folder Name="/Task0/">
    <Project Path="Tyuiu.AfanasevAV.Sprint0.Task0.V1/Tyuiu.AfanasevAV.Sprint0.Task0.V1.csproj" Id="b9d6cd64-1ca8-4952-9ec4-f45cafdd6acc" />
  </Folder>
  <Folder Name="/Task1/">
    <Project Path="Tyuiu.AfanasevAV.Sprint0.Task1.V1/Tyuiu.AfanasevAV.Sprint0.Task1.V1.csproj" Id="e7c58add-33fb-47cd-8f70-6b1f9fa8c07a" />
  </Folder>
  <Folder Name="/Task2/">
    <Project Path="Tyuiu.AfanasevAV.Sprint0.Task2.V1.Lib/Tyuiu.AfanasevAV.Sprint0.Task2.V1.Lib.csproj" Id="d9df60cd-22f3-4a66-8808-aff7fe2e9e4c" />
    <Project Path="Tyuiu.AfanasevAV.Sprint0.Task2.V1.Test/Tyuiu.AfanasevAV.Sprint0.Task2.V1.Test.csproj" Id="96bc76ae-baaa-403d-89a9-e7138bfcff9e" />
    <Project Path="Tyuiu.AfanasevAV.Sprint0.Task2.V1/Tyuiu.AfanasevAV.Sprint0.Task2.V1.csproj" Id="d7c74782-46d0-4e25-943e-86a322680a45" />
  </Folder>
  <Folder Name="/Task3/">
    <Project Path="Tyuiu.AfanasevAV.Sprint0.Task3.V1.Lib/Tyuiu.AfanasevAV.Sprint0.Task3.V1.Lib.csproj" Id="3963005c-2433-493a-b60e-77552935356d" />
    <Project Path="Tyuiu.AfanasevAV.Sprint0.Task3.V1.Test/Tyuiu.AfanasevAV.Sprint0.Task3.V1.Test.csproj" Id="60263d08-4613-4871-af7c-1e153de6c14e" />
    <Project Path="Tyuiu.AfanasevAV.Sprint0.Task3.V1/Tyuiu.AfanasevAV.Sprint0.Task3.V1.csproj" Id="976458f5-87ea-4ab0-8138-3d089e1a0f5d" />
  </Folder>
  <Folder Name="/Task4/">
    <Project Path="Tyuiu.AfanasevAV.Sprint0.Task4.V1.Lib/Tyuiu.AfanasevAV.Sprint0.Task4.V1.Lib.csproj" Id="6cf40357-eb64-4f1a-bdd5-a95ef4e7c8e4" />
    <Project Path="Tyuiu.AfanasevAV.Sprint0.Task4.V1.Test/Tyuiu.AfanasevAV.Sprint0.Task4.V1.Test.csproj" Id="1b7f1353-dbda-4d84-a7ac-ecd27c44f122" />
    <Project Path="Tyuiu.AfanasevAV.Sprint0.Task4.V1/Tyuiu.AfanasevAV.Sprint0.Task4.V1.csproj" Id="cef24d67-822a-41a9-b27e-2f4a5b7b3862" />
  </Folder>
  <Folder Name="/Task5/">
    <Project Path="Tyuiu.AfanasevAV.Sprint0.Task5.V1.Lib/Tyuiu.AfanasevAV.Sprint0.Task5.V1.Lib.csproj" Id="e7d5a251-df22-4b5e-b25f-cacd2b4f6b1a" />
    <Project Path="Tyuiu.AfanasevAV.Sprint0.Task5.V1.Test/Tyuiu.AfanasevAV.Sprint0.Task5.V1.Test.csproj" Id="89b72584-621a-4a93-95ee-775a9c5be26d" />
    <Project Path="Tyuiu.AfanasevAV.Sprint0.Task5.V1/Tyuiu.AfanasevAV.Sprint0.Task5.V1.csproj" Id="5b587ba5-1014-4f8c-ae59-efa0b2a4f9ac" />
  </Folder>
</Solution>
